// !$*UTF8*$!
{
	archiveVersion = 1;
	classes = {
	};
	objectVersion = 46;
	objects = {

/* Begin PBXBuildFile section */
		52ED1B601A6815A800AEB50E /* main.cpp in Sources */ = {isa = PBXBuildFile; fileRef = 52ED1B5F1A6815A800AEB50E /* main.cpp */; };
		52ED1B681A6817CB00AEB50E /* Helper.cpp in Sources */ = {isa = PBXBuildFile; fileRef = 52ED1B661A6817CB00AEB50E /* Helper.cpp */; };
		52ED1B6C1A681C9E00AEB50E /* Handler.cpp in Sources */ = {isa = PBXBuildFile; fileRef = 52ED1B6A1A681C9E00AEB50E /* Handler.cpp */; };
		52ED1B6F1A68269800AEB50E /* InputMatrix.cpp in Sources */ = {isa = PBXBuildFile; fileRef = 52ED1B6D1A68269800AEB50E /* InputMatrix.cpp */; };
		52ED1B721A6826E000AEB50E /* Algorithm.cpp in Sources */ = {isa = PBXBuildFile; fileRef = 52ED1B701A6826E000AEB50E /* Algorithm.cpp */; };
/* End PBXBuildFile section */

/* Begin PBXCopyFilesBuildPhase section */
		52ED1B5A1A6815A800AEB50E /* CopyFiles */ = {
			isa = PBXCopyFilesBuildPhase;
			buildActionMask = 2147483647;
			dstPath = /usr/share/man/man1/;
			dstSubfolderSpec = 0;
			files = (
			);
			runOnlyForDeploymentPostprocessing = 1;
		};
/* End PBXCopyFilesBuildPhase section */

/* Begin PBXFileReference section */
		52ED1B5C1A6815A800AEB50E /* algorithm-final-assignment */ = {isa = PBXFileReference; explicitFileType = "compiled.mach-o.executable"; includeInIndex = 0; path = "algorithm-final-assignment"; sourceTree = BUILT_PRODUCTS_DIR; };
		52ED1B5F1A6815A800AEB50E /* main.cpp */ = {isa = PBXFileReference; lastKnownFileType = sourcecode.cpp.cpp; path = main.cpp; sourceTree = "<group>"; };
		52ED1B661A6817CB00AEB50E /* Helper.cpp */ = {isa = PBXFileReference; fileEncoding = 4; lastKnownFileType = sourcecode.cpp.cpp; path = Helper.cpp; sourceTree = "<group>"; };
		52ED1B671A6817CB00AEB50E /* Helper.h */ = {isa = PBXFileReference; fileEncoding = 4; lastKnownFileType = sourcecode.c.h; path = Helper.h; sourceTree = "<group>"; };
		52ED1B691A6817F400AEB50E /* main.h */ = {isa = PBXFileReference; lastKnownFileType = sourcecode.c.h; path = main.h; sourceTree = "<group>"; };
		52ED1B6A1A681C9E00AEB50E /* Handler.cpp */ = {isa = PBXFileReference; fileEncoding = 4; lastKnownFileType = sourcecode.cpp.cpp; path = Handler.cpp; sourceTree = "<group>"; };
		52ED1B6B1A681C9E00AEB50E /* Handler.h */ = {isa = PBXFileReference; fileEncoding = 4; lastKnownFileType = sourcecode.c.h; path = Handler.h; sourceTree = "<group>"; };
		52ED1B6D1A68269800AEB50E /* InputMatrix.cpp */ = {isa = PBXFileReference; fileEncoding = 4; lastKnownFileType = sourcecode.cpp.cpp; path = InputMatrix.cpp; sourceTree = "<group>"; };
		52ED1B6E1A68269800AEB50E /* InputMatrix.h */ = {isa = PBXFileReference; fileEncoding = 4; lastKnownFileType = sourcecode.c.h; path = InputMatrix.h; sourceTree = "<group>"; };
		52ED1B701A6826E000AEB50E /* Algorithm.cpp */ = {isa = PBXFileReference; fileEncoding = 4; lastKnownFileType = sourcecode.cpp.cpp; path = Algorithm.cpp; sourceTree = "<group>"; };
		52ED1B711A6826E000AEB50E /* Algorithm.h */ = {isa = PBXFileReference; fileEncoding = 4; lastKnownFileType = sourcecode.c.h; path = Algorithm.h; sourceTree = "<group>"; };
/* End PBXFileReference section */

/* Begin PBXFrameworksBuildPhase section */
		52ED1B591A6815A800AEB50E /* Frameworks */ = {
			isa = PBXFrameworksBuildPhase;
			buildActionMask = 2147483647;
			files = (
			);
			runOnlyForDeploymentPostprocessing = 0;
		};
/* End PBXFrameworksBuildPhase section */

/* Begin PBXGroup section */
		52ED1B531A6815A800AEB50E = {
			isa = PBXGroup;
			children = (
				52ED1B5E1A6815A800AEB50E /* algorithm-final-assignment */,
				52ED1B5D1A6815A800AEB50E /* Products */,
			);
			sourceTree = "<group>";
		};
		52ED1B5D1A6815A800AEB50E /* Products */ = {
			isa = PBXGroup;
			children = (
				52ED1B5C1A6815A800AEB50E /* algorithm-final-assignment */,
			);
			name = Products;
			sourceTree = "<group>";
		};
		52ED1B5E1A6815A800AEB50E /* algorithm-final-assignment */ = {
			isa = PBXGroup;
			children = (
				52ED1B5F1A6815A800AEB50E /* main.cpp */,
				52ED1B661A6817CB00AEB50E /* Helper.cpp */,
				52ED1B671A6817CB00AEB50E /* Helper.h */,
				52ED1B691A6817F400AEB50E /* main.h */,
				52ED1B6A1A681C9E00AEB50E /* Handler.cpp */,
				52ED1B6B1A681C9E00AEB50E /* Handler.h */,
				52ED1B6D1A68269800AEB50E /* InputMatrix.cpp */,
				52ED1B6E1A68269800AEB50E /* InputMatrix.h */,
				52ED1B701A6826E000AEB50E /* Algorithm.cpp */,
				52ED1B711A6826E000AEB50E /* Algorithm.h */,
			);
			path = "algorithm-final-assignment";
			sourceTree = "<group>";
		};
/* End PBXGroup section */

/* Begin PBXNativeTarget section */
		52ED1B5B1A6815A800AEB50E /* algorithm-final-assignment */ = {
			isa = PBXNativeTarget;
			buildConfigurationList = 52ED1B631A6815A800AEB50E /* Build configuration list for PBXNativeTarget "algorithm-final-assignment" */;
			buildPhases = (
				52ED1B581A6815A800AEB50E /* Sources */,
				52ED1B591A6815A800AEB50E /* Frameworks */,
				52ED1B5A1A6815A800AEB50E /* CopyFiles */,
			);
			buildRules = (
			);
			dependencies = (
			);
			name = "algorithm-final-assignment";
			productName = "algorithm-final-assignment";
			productReference = 52ED1B5C1A6815A800AEB50E /* algorithm-final-assignment */;
			productType = "com.apple.product-type.tool";
		};
/* End PBXNativeTarget section */

/* Begin PBXProject section */
		52ED1B541A6815A800AEB50E /* Project object */ = {
			isa = PBXProject;
			attributes = {
				LastUpgradeCheck = 0610;
				ORGANIZATIONNAME = KeithM;
				TargetAttributes = {
					52ED1B5B1A6815A800AEB50E = {
						CreatedOnToolsVersion = 6.1.1;
					};
				};
			};
			buildConfigurationList = 52ED1B571A6815A800AEB50E /* Build configuration list for PBXProject "algorithm-final-assignment" */;
			compatibilityVersion = "Xcode 3.2";
			developmentRegion = English;
			hasScannedForEncodings = 0;
			knownRegions = (
				en,
			);
			mainGroup = 52ED1B531A6815A800AEB50E;
			productRefGroup = 52ED1B5D1A6815A800AEB50E /* Products */;
			projectDirPath = "";
			projectRoot = "";
			targets = (
				52ED1B5B1A6815A800AEB50E /* algorithm-final-assignment */,
			);
		};
/* End PBXProject section */

/* Begin PBXSourcesBuildPhase section */
		52ED1B581A6815A800AEB50E /* Sources */ = {
			isa = PBXSourcesBuildPhase;
			buildActionMask = 2147483647;
			files = (
				52ED1B721A6826E000AEB50E /* Algorithm.cpp in Sources */,
				52ED1B601A6815A800AEB50E /* main.cpp in Sources */,
				52ED1B6F1A68269800AEB50E /* InputMatrix.cpp in Sources */,
				52ED1B6C1A681C9E00AEB50E /* Handler.cpp in Sources */,
				52ED1B681A6817CB00AEB50E /* Helper.cpp in Sources */,
			);
			runOnlyForDeploymentPostprocessing = 0;
		};
/* End PBXSourcesBuildPhase section */

/* Begin XCBuildConfiguration section */
		52ED1B611A6815A800AEB50E /* Debug */ = {
			isa = XCBuildConfiguration;
			buildSettings = {
				ALWAYS_SEARCH_USER_PATHS = NO;
				CLANG_CXX_LANGUAGE_STANDARD = "gnu++0x";
				CLANG_CXX_LIBRARY = "libc++";
				CLANG_ENABLE_MODULES = YES;
				CLANG_ENABLE_OBJC_ARC = YES;
				CLANG_WARN_BOOL_CONVERSION = YES;
				CLANG_WARN_CONSTANT_CONVERSION = YES;
				CLANG_WARN_DIRECT_OBJC_ISA_USAGE = YES_ERROR;
				CLANG_WARN_EMPTY_BODY = YES;
				CLANG_WARN_ENUM_CONVERSION = YES;
				CLANG_WARN_INT_CONVERSION = YES;
				CLANG_WARN_OBJC_ROOT_CLASS = YES_ERROR;
				CLANG_WARN_UNREACHABLE_CODE = YES;
				CLANG_WARN__DUPLICATE_METHOD_MATCH = YES;
				COPY_PHASE_STRIP = NO;
				ENABLE_STRICT_OBJC_MSGSEND = YES;
				GCC_C_LANGUAGE_STANDARD = gnu99;
				GCC_DYNAMIC_NO_PIC = NO;
				GCC_OPTIMIZATION_LEVEL = 0;
				GCC_PREPROCESSOR_DEFINITIONS = (
					"DEBUG=1",
					"$(inherited)",
				);
				GCC_SYMBOLS_PRIVATE_EXTERN = NO;
				GCC_WARN_64_TO_32_BIT_CONVERSION = YES;
				GCC_WARN_ABOUT_RETURN_TYPE = YES_ERROR;
				GCC_WARN_UNDECLARED_SELECTOR = YES;
				GCC_WARN_UNINITIALIZED_AUTOS = YES_AGGRESSIVE;
				GCC_WARN_UNUSED_FUNCTION = YES;
				GCC_WARN_UNUSED_VARIABLE = YES;
				MACOSX_DEPLOYMENT_TARGET = 10.9;
				MTL_ENABLE_DEBUG_INFO = YES;
				ONLY_ACTIVE_ARCH = YES;
				SDKROOT = macosx;
			};
			name = Debug;
		};
		52ED1B621A6815A800AEB50E /* Release */ = {
			isa = XCBuildConfiguration;
			buildSettings = {
				ALWAYS_SEARCH_USER_PATHS = NO;
				CLANG_CXX_LANGUAGE_STANDARD = "gnu++0x";
				CLANG_CXX_LIBRARY = "libc++";
				CLANG_ENABLE_MODULES = YES;
				CLANG_ENABLE_OBJC_ARC = YES;
				CLANG_WARN_BOOL_CONVERSION = YES;
				CLANG_WARN_CONSTANT_CONVERSION = YES;
				CLANG_WARN_DIRECT_OBJC_ISA_USAGE = YES_ERROR;
				CLANG_WARN_EMPTY_BODY = YES;
				CLANG_WARN_ENUM_CONVERSION = YES;
				CLANG_WARN_INT_CONVERSION = YES;
				CLANG_WARN_OBJC_ROOT_CLASS = YES_ERROR;
				CLANG_WARN_UNREACHABLE_CODE = YES;
				CLANG_WARN__DUPLICATE_METHOD_MATCH = YES;
				COPY_PHASE_STRIP = YES;
				DEBUG_INFORMATION_FORMAT = "dwarf-with-dsym";
				ENABLE_NS_ASSERTIONS = NO;
				ENABLE_STRICT_OBJC_MSGSEND = YES;
				GCC_C_LANGUAGE_STANDARD = gnu99;
				GCC_WARN_64_TO_32_BIT_CONVERSION = YES;
				GCC_WARN_ABOUT_RETURN_TYPE = YES_ERROR;
				GCC_WARN_UNDECLARED_SELECTOR = YES;
				GCC_WARN_UNINITIALIZED_AUTOS = YES_AGGRESSIVE;
				GCC_WARN_UNUSED_FUNCTION = YES;
				GCC_WARN_UNUSED_VARIABLE = YES;
				MACOSX_DEPLOYMENT_TARGET = 10.9;
				MTL_ENABLE_DEBUG_INFO = NO;
				SDKROOT = macosx;
			};
			name = Release;
		};
		52ED1B641A6815A800AEB50E /* Debug */ = {
			isa = XCBuildConfiguration;
			buildSettings = {
				PRODUCT_NAME = "$(TARGET_NAME)";
			};
			name = Debug;
		};
		52ED1B651A6815A800AEB50E /* Release */ = {
			isa = XCBuildConfiguration;
			buildSettings = {
				PRODUCT_NAME = "$(TARGET_NAME)";
			};
			name = Release;
		};
/* End XCBuildConfiguration section */

/* Begin XCConfigurationList section */
		52ED1B571A6815A800AEB50E /* Build configuration list for PBXProject "algorithm-final-assignment" */ = {
			isa = XCConfigurationList;
			buildConfigurations = (
				52ED1B611A6815A800AEB50E /* Debug */,
				52ED1B621A6815A800AEB50E /* Release */,
			);
			defaultConfigurationIsVisible = 0;
			defaultConfigurationName = Release;
		};
		52ED1B631A6815A800AEB50E /* Build configuration list for PBXNativeTarget "algorithm-final-assignment" */ = {
			isa = XCConfigurationList;
			buildConfigurations = (
				52ED1B641A6815A800AEB50E /* Debug */,
				52ED1B651A6815A800AEB50E /* Release */,
			);
			defaultConfigurationIsVisible = 0;
		};
/* End XCConfigurationList section */
	};
	rootObject = 52ED1B541A6815A800AEB50E /* Project object */;
}
